
Microsoft Visual Studio Solution File, Format Version 12.00
# Visual Studio 15
VisualStudioVersion = 15.0.27130.2010
MinimumVisualStudioVersion = 10.0.40219.1
Project("{FAE04EC0-301F-11D3-BF4B-00C04F79EFBC}") = "LinkedListAlg", "LinkedListAlg\LinkedListAlg.csproj", "{886EA442-9EB6-4905-8DE5-7890A983F861}"
EndProject
Global
	GlobalSection(SolutionConfigurationPlatforms) = preSolution
		Debug|Any CPU = Debug|Any CPU
		Release|Any CPU = Release|Any CPU
	EndGlobalSection
	GlobalSection(ProjectConfigurationPlatforms) = postSolution
		{886EA442-9EB6-4905-8DE5-7890A983F861}.Debug|Any CPU.ActiveCfg = Debug|Any CPU
		{886EA442-9EB6-4905-8DE5-7890A983F861}.Debug|Any CPU.Build.0 = Debug|Any CPU
		{886EA442-9EB6-4905-8DE5-7890A983F861}.Release|Any CPU.ActiveCfg = Release|Any CPU
		{886EA442-9EB6-4905-8DE5-7890A983F861}.Release|Any CPU.Build.0 = Release|Any CPU
	EndGlobalSection
	GlobalSection(SolutionProperties) = preSolution
		HideSolutionNode = FALSE
	EndGlobalSection
	GlobalSection(ExtensibilityGlobals) = postSolution
		SolutionGuid = {57B944A0-1EA1-4ED3-8381-746A6FF0EEF9}
	EndGlobalSection
EndGlobal
